// !$*UTF8*$!
{
	archiveVersion = 1;
	classes = {
	};
	objectVersion = 46;
	objects = {

/* Begin PBXBuildFile section */
		308CE3961C830B7A00F43258 /* AppDelegate.swift in Sources */ = {isa = PBXBuildFile; fileRef = 308CE3951C830B7A00F43258 /* AppDelegate.swift */; };
		308CE3981C830B7A00F43258 /* ViewController.swift in Sources */ = {isa = PBXBuildFile; fileRef = 308CE3971C830B7A00F43258 /* ViewController.swift */; };
		308CE39B1C830B7A00F43258 /* Main.storyboard in Resources */ = {isa = PBXBuildFile; fileRef = 308CE3991C830B7A00F43258 /* Main.storyboard */; };
		308CE39E1C830B7A00F43258 /* SecondKadaiApp.xcdatamodeld in Sources */ = {isa = PBXBuildFile; fileRef = 308CE39C1C830B7A00F43258 /* SecondKadaiApp.xcdatamodeld */; };
		308CE3A01C830B7A00F43258 /* Assets.xcassets in Resources */ = {isa = PBXBuildFile; fileRef = 308CE39F1C830B7A00F43258 /* Assets.xcassets */; };
		308CE3A31C830B7A00F43258 /* LaunchScreen.storyboard in Resources */ = {isa = PBXBuildFile; fileRef = 308CE3A11C830B7A00F43258 /* LaunchScreen.storyboard */; };
		308CE3AE1C830B7A00F43258 /* SecondKadaiAppTests.swift in Sources */ = {isa = PBXBuildFile; fileRef = 308CE3AD1C830B7A00F43258 /* SecondKadaiAppTests.swift */; };
		308CE3B91C830B7A00F43258 /* SecondKadaiAppUITests.swift in Sources */ = {isa = PBXBuildFile; fileRef = 308CE3B81C830B7A00F43258 /* SecondKadaiAppUITests.swift */; };
/* End PBXBuildFile section */

/* Begin PBXContainerItemProxy section */
		308CE3AA1C830B7A00F43258 /* PBXContainerItemProxy */ = {
			isa = PBXContainerItemProxy;
			containerPortal = 308CE38A1C830B7A00F43258 /* Project object */;
			proxyType = 1;
			remoteGlobalIDString = 308CE3911C830B7A00F43258;
			remoteInfo = SecondKadaiApp;
		};
		308CE3B51C830B7A00F43258 /* PBXContainerItemProxy */ = {
			isa = PBXContainerItemProxy;
			containerPortal = 308CE38A1C830B7A00F43258 /* Project object */;
			proxyType = 1;
			remoteGlobalIDString = 308CE3911C830B7A00F43258;
			remoteInfo = SecondKadaiApp;
		};
/* End PBXContainerItemProxy section */

/* Begin PBXFileReference section */
		308CE3921C830B7A00F43258 /* SecondKadaiApp.app */ = {isa = PBXFileReference; explicitFileType = wrapper.application; includeInIndex = 0; path = SecondKadaiApp.app; sourceTree = BUILT_PRODUCTS_DIR; };
		308CE3951C830B7A00F43258 /* AppDelegate.swift */ = {isa = PBXFileReference; lastKnownFileType = sourcecode.swift; path = AppDelegate.swift; sourceTree = "<group>"; };
		308CE3971C830B7A00F43258 /* ViewController.swift */ = {isa = PBXFileReference; lastKnownFileType = sourcecode.swift; path = ViewController.swift; sourceTree = "<group>"; };
		308CE39A1C830B7A00F43258 /* Base */ = {isa = PBXFileReference; lastKnownFileType = file.storyboard; name = Base; path = Base.lproj/Main.storyboard; sourceTree = "<group>"; };
		308CE39D1C830B7A00F43258 /* SecondKadaiApp.xcdatamodel */ = {isa = PBXFileReference; lastKnownFileType = wrapper.xcdatamodel; path = SecondKadaiApp.xcdatamodel; sourceTree = "<group>"; };
		308CE39F1C830B7A00F43258 /* Assets.xcassets */ = {isa = PBXFileReference; lastKnownFileType = folder.assetcatalog; path = Assets.xcassets; sourceTree = "<group>"; };
		308CE3A21C830B7A00F43258 /* Base */ = {isa = PBXFileReference; lastKnownFileType = file.storyboard; name = Base; path = Base.lproj/LaunchScreen.storyboard; sourceTree = "<group>"; };
		308CE3A41C830B7A00F43258 /* Info.plist */ = {isa = PBXFileReference; lastKnownFileType = text.plist.xml; path = Info.plist; sourceTree = "<group>"; };
		308CE3A91C830B7A00F43258 /* SecondKadaiAppTests.xctest */ = {isa = PBXFileReference; explicitFileType = wrapper.cfbundle; includeInIndex = 0; path = SecondKadaiAppTests.xctest; sourceTree = BUILT_PRODUCTS_DIR; };
		308CE3AD1C830B7A00F43258 /* SecondKadaiAppTests.swift */ = {isa = PBXFileReference; lastKnownFileType = sourcecode.swift; path = SecondKadaiAppTests.swift; sourceTree = "<group>"; };
		308CE3AF1C830B7A00F43258 /* Info.plist */ = {isa = PBXFileReference; lastKnownFileType = text.plist.xml; path = Info.plist; sourceTree = "<group>"; };
		308CE3B41C830B7A00F43258 /* SecondKadaiAppUITests.xctest */ = {isa = PBXFileReference; explicitFileType = wrapper.cfbundle; includeInIndex = 0; path = SecondKadaiAppUITests.xctest; sourceTree = BUILT_PRODUCTS_DIR; };
		308CE3B81C830B7A00F43258 /* SecondKadaiAppUITests.swift */ = {isa = PBXFileReference; lastKnownFileType = sourcecode.swift; path = SecondKadaiAppUITests.swift; sourceTree = "<group>"; };
		308CE3BA1C830B7A00F43258 /* Info.plist */ = {isa = PBXFileReference; lastKnownFileType = text.plist.xml; path = Info.plist; sourceTree = "<group>"; };
/* End PBXFileReference section */

/* Begin PBXFrameworksBuildPhase section */
		308CE38F1C830B7A00F43258 /* Frameworks */ = {
			isa = PBXFrameworksBuildPhase;
			buildActionMask = 2147483647;
			files = (
			);
			runOnlyForDeploymentPostprocessing = 0;
		};
		308CE3A61C830B7A00F43258 /* Frameworks */ = {
			isa = PBXFrameworksBuildPhase;
			buildActionMask = 2147483647;
			files = (
			);
			runOnlyForDeploymentPostprocessing = 0;
		};
		308CE3B11C830B7A00F43258 /* Frameworks */ = {
			isa = PBXFrameworksBuildPhase;
			buildActionMask = 2147483647;
			files = (
			);
			runOnlyForDeploymentPostprocessing = 0;
		};
/* End PBXFrameworksBuildPhase section */

/* Begin PBXGroup section */
		308CE3891C830B7A00F43258 = {
			isa = PBXGroup;
			children = (
				308CE3941C830B7A00F43258 /* SecondKadaiApp */,
				308CE3AC1C830B7A00F43258 /* SecondKadaiAppTests */,
				308CE3B71C830B7A00F43258 /* SecondKadaiAppUITests */,
				308CE3931C830B7A00F43258 /* Products */,
			);
			sourceTree = "<group>";
		};
		308CE3931C830B7A00F43258 /* Products */ = {
			isa = PBXGroup;
			children = (
				308CE3921C830B7A00F43258 /* SecondKadaiApp.app */,
				308CE3A91C830B7A00F43258 /* SecondKadaiAppTests.xctest */,
				308CE3B41C830B7A00F43258 /* SecondKadaiAppUITests.xctest */,
			);
			name = Products;
			sourceTree = "<group>";
		};
		308CE3941C830B7A00F43258 /* SecondKadaiApp */ = {
			isa = PBXGroup;
			children = (
				308CE3951C830B7A00F43258 /* AppDelegate.swift */,
				308CE3971C830B7A00F43258 /* ViewController.swift */,
				308CE3991C830B7A00F43258 /* Main.storyboard */,
				308CE39F1C830B7A00F43258 /* Assets.xcassets */,
				308CE3A11C830B7A00F43258 /* LaunchScreen.storyboard */,
				308CE3A41C830B7A00F43258 /* Info.plist */,
				308CE39C1C830B7A00F43258 /* SecondKadaiApp.xcdatamodeld */,
			);
			path = SecondKadaiApp;
			sourceTree = "<group>";
		};
		308CE3AC1C830B7A00F43258 /* SecondKadaiAppTests */ = {
			isa = PBXGroup;
			children = (
				308CE3AD1C830B7A00F43258 /* SecondKadaiAppTests.swift */,
				308CE3AF1C830B7A00F43258 /* Info.plist */,
			);
			path = SecondKadaiAppTests;
			sourceTree = "<group>";
		};
		308CE3B71C830B7A00F43258 /* SecondKadaiAppUITests */ = {
			isa = PBXGroup;
			children = (
				308CE3B81C830B7A00F43258 /* SecondKadaiAppUITests.swift */,
				308CE3BA1C830B7A00F43258 /* Info.plist */,
			);
			path = SecondKadaiAppUITests;
			sourceTree = "<group>";
		};
/* End PBXGroup section */

/* Begin PBXNativeTarget section */
		308CE3911C830B7A00F43258 /* SecondKadaiApp */ = {
			isa = PBXNativeTarget;
			buildConfigurationList = 308CE3BD1C830B7A00F43258 /* Build configuration list for PBXNativeTarget "SecondKadaiApp" */;
			buildPhases = (
				308CE38E1C830B7A00F43258 /* Sources */,
				308CE38F1C830B7A00F43258 /* Frameworks */,
				308CE3901C830B7A00F43258 /* Resources */,
			);
			buildRules = (
			);
			dependencies = (
			);
			name = SecondKadaiApp;
			productName = SecondKadaiApp;
			productReference = 308CE3921C830B7A00F43258 /* SecondKadaiApp.app */;
			productType = "com.apple.product-type.application";
		};
		308CE3A81C830B7A00F43258 /* SecondKadaiAppTests */ = {
			isa = PBXNativeTarget;
			buildConfigurationList = 308CE3C01C830B7A00F43258 /* Build configuration list for PBXNativeTarget "SecondKadaiAppTests" */;
			buildPhases = (
				308CE3A51C830B7A00F43258 /* Sources */,
				308CE3A61C830B7A00F43258 /* Frameworks */,
				308CE3A71C830B7A00F43258 /* Resources */,
			);
			buildRules = (
			);
			dependencies = (
				308CE3AB1C830B7A00F43258 /* PBXTargetDependency */,
			);
			name = SecondKadaiAppTests;
			productName = SecondKadaiAppTests;
			productReference = 308CE3A91C830B7A00F43258 /* SecondKadaiAppTests.xctest */;
			productType = "com.apple.product-type.bundle.unit-test";
		};
		308CE3B31C830B7A00F43258 /* SecondKadaiAppUITests */ = {
			isa = PBXNativeTarget;
			buildConfigurationList = 308CE3C31C830B7A00F43258 /* Build configuration list for PBXNativeTarget "SecondKadaiAppUITests" */;
			buildPhases = (
				308CE3B01C830B7A00F43258 /* Sources */,
				308CE3B11C830B7A00F43258 /* Frameworks */,
				308CE3B21C830B7A00F43258 /* Resources */,
			);
			buildRules = (
			);
			dependencies = (
				308CE3B61C830B7A00F43258 /* PBXTargetDependency */,
			);
			name = SecondKadaiAppUITests;
			productName = SecondKadaiAppUITests;
			productReference = 308CE3B41C830B7A00F43258 /* SecondKadaiAppUITests.xctest */;
			productType = "com.apple.product-type.bundle.ui-testing";
		};
/* End PBXNativeTarget section */

/* Begin PBXProject section */
		308CE38A1C830B7A00F43258 /* Project object */ = {
			isa = PBXProject;
			attributes = {
				LastSwiftUpdateCheck = 0720;
				LastUpgradeCheck = 0720;
				ORGANIZATIONNAME = "吉田樹木医合同会社";
				TargetAttributes = {
					308CE3911C830B7A00F43258 = {
						CreatedOnToolsVersion = 7.2.1;
					};
					308CE3A81C830B7A00F43258 = {
						CreatedOnToolsVersion = 7.2.1;
						TestTargetID = 308CE3911C830B7A00F43258;
					};
					308CE3B31C830B7A00F43258 = {
						CreatedOnToolsVersion = 7.2.1;
						TestTargetID = 308CE3911C830B7A00F43258;
					};
				};
			};
			buildConfigurationList = 308CE38D1C830B7A00F43258 /* Build configuration list for PBXProject "SecondKadaiApp" */;
			compatibilityVersion = "Xcode 3.2";
			developmentRegion = English;
			hasScannedForEncodings = 0;
			knownRegions = (
				en,
				Base,
			);
			mainGroup = 308CE3891C830B7A00F43258;
			productRefGroup = 308CE3931C830B7A00F43258 /* Products */;
			projectDirPath = "";
			projectRoot = "";
			targets = (
				308CE3911C830B7A00F43258 /* SecondKadaiApp */,
				308CE3A81C830B7A00F43258 /* SecondKadaiAppTests */,
				308CE3B31C830B7A00F43258 /* SecondKadaiAppUITests */,
			);
		};
/* End PBXProject section */

/* Begin PBXResourcesBuildPhase section */
		308CE3901C830B7A00F43258 /* Resources */ = {
			isa = PBXResourcesBuildPhase;
			buildActionMask = 2147483647;
			files = (
				308CE3A31C830B7A00F43258 /* LaunchScreen.storyboard in Resources */,
				308CE3A01C830B7A00F43258 /* Assets.xcassets in Resources */,
				308CE39B1C830B7A00F43258 /* Main.storyboard in Resources */,
			);
			runOnlyForDeploymentPostprocessing = 0;
		};
		308CE3A71C830B7A00F43258 /* Resources */ = {
			isa = PBXResourcesBuildPhase;
			buildActionMask = 2147483647;
			files = (
			);
			runOnlyForDeploymentPostprocessing = 0;
		};
		308CE3B21C830B7A00F43258 /* Resources */ = {
			isa = PBXResourcesBuildPhase;
			buildActionMask = 2147483647;
			files = (
			);
			runOnlyForDeploymentPostprocessing = 0;
		};
/* End PBXResourcesBuildPhase section */

/* Begin PBXSourcesBuildPhase section */
		308CE38E1C830B7A00F43258 /* Sources */ = {
			isa = PBXSourcesBuildPhase;
			buildActionMask = 2147483647;
			files = (
				308CE39E1C830B7A00F43258 /* SecondKadaiApp.xcdatamodeld in Sources */,
				308CE3981C830B7A00F43258 /* ViewController.swift in Sources */,
				308CE3961C830B7A00F43258 /* AppDelegate.swift in Sources */,
			);
			runOnlyForDeploymentPostprocessing = 0;
		};
		308CE3A51C830B7A00F43258 /* Sources */ = {
			isa = PBXSourcesBuildPhase;
			buildActionMask = 2147483647;
			files = (
				308CE3AE1C830B7A00F43258 /* SecondKadaiAppTests.swift in Sources */,
			);
			runOnlyForDeploymentPostprocessing = 0;
		};
		308CE3B01C830B7A00F43258 /* Sources */ = {
			isa = PBXSourcesBuildPhase;
			buildActionMask = 2147483647;
			files = (
				308CE3B91C830B7A00F43258 /* SecondKadaiAppUITests.swift in Sources */,
			);
			runOnlyForDeploymentPostprocessing = 0;
		};
/* End PBXSourcesBuildPhase section */

/* Begin PBXTargetDependency section */
		308CE3AB1C830B7A00F43258 /* PBXTargetDependency */ = {
			isa = PBXTargetDependency;
			target = 308CE3911C830B7A00F43258 /* SecondKadaiApp */;
			targetProxy = 308CE3AA1C830B7A00F43258 /* PBXContainerItemProxy */;
		};
		308CE3B61C830B7A00F43258 /* PBXTargetDependency */ = {
			isa = PBXTargetDependency;
			target = 308CE3911C830B7A00F43258 /* SecondKadaiApp */;
			targetProxy = 308CE3B51C830B7A00F43258 /* PBXContainerItemProxy */;
		};
/* End PBXTargetDependency section */

/* Begin PBXVariantGroup section */
		308CE3991C830B7A00F43258 /* Main.storyboard */ = {
			isa = PBXVariantGroup;
			children = (
				308CE39A1C830B7A00F43258 /* Base */,
			);
			name = Main.storyboard;
			sourceTree = "<group>";
		};
		308CE3A11C830B7A00F43258 /* LaunchScreen.storyboard */ = {
			isa = PBXVariantGroup;
			children = (
				308CE3A21C830B7A00F43258 /* Base */,
			);
			name = LaunchScreen.storyboard;
			sourceTree = "<group>";
		};
/* End PBXVariantGroup section */

/* Begin XCBuildConfiguration section */
		308CE3BB1C830B7A00F43258 /* Debug */ = {
			isa = XCBuildConfiguration;
			buildSettings = {
				ALWAYS_SEARCH_USER_PATHS = NO;
				CLANG_CXX_LANGUAGE_STANDARD = "gnu++0x";
				CLANG_CXX_LIBRARY = "libc++";
				CLANG_ENABLE_MODULES = YES;
				CLANG_ENABLE_OBJC_ARC = YES;
				CLANG_WARN_BOOL_CONVERSION = YES;
				CLANG_WARN_CONSTANT_CONVERSION = YES;
				CLANG_WARN_DIRECT_OBJC_ISA_USAGE = YES_ERROR;
				CLANG_WARN_EMPTY_BODY = YES;
				CLANG_WARN_ENUM_CONVERSION = YES;
				CLANG_WARN_INT_CONVERSION = YES;
				CLANG_WARN_OBJC_ROOT_CLASS = YES_ERROR;
				CLANG_WARN_UNREACHABLE_CODE = YES;
				CLANG_WARN__DUPLICATE_METHOD_MATCH = YES;
				"CODE_SIGN_IDENTITY[sdk=iphoneos*]" = "iPhone Developer";
				COPY_PHASE_STRIP = NO;
				DEBUG_INFORMATION_FORMAT = dwarf;
				ENABLE_STRICT_OBJC_MSGSEND = YES;
				ENABLE_TESTABILITY = YES;
				GCC_C_LANGUAGE_STANDARD = gnu99;
				GCC_DYNAMIC_NO_PIC = NO;
				GCC_NO_COMMON_BLOCKS = YES;
				GCC_OPTIMIZATION_LEVEL = 0;
				GCC_PREPROCESSOR_DEFINITIONS = (
					"DEBUG=1",
					"$(inherited)",
				);
				GCC_WARN_64_TO_32_BIT_CONVERSION = YES;
				GCC_WARN_ABOUT_RETURN_TYPE = YES_ERROR;
				GCC_WARN_UNDECLARED_SELECTOR = YES;
				GCC_WARN_UNINITIALIZED_AUTOS = YES_AGGRESSIVE;
				GCC_WARN_UNUSED_FUNCTION = YES;
				GCC_WARN_UNUSED_VARIABLE = YES;
				IPHONEOS_DEPLOYMENT_TARGET = 9.2;
				MTL_ENABLE_DEBUG_INFO = YES;
				ONLY_ACTIVE_ARCH = YES;
				SDKROOT = iphoneos;
				SWIFT_OPTIMIZATION_LEVEL = "-Onone";
				TARGETED_DEVICE_FAMILY = "1,2";
			};
			name = Debug;
		};
		308CE3BC1C830B7A00F43258 /* Release */ = {
			isa = XCBuildConfiguration;
			buildSettings = {
				ALWAYS_SEARCH_USER_PATHS = NO;
				CLANG_CXX_LANGUAGE_STANDARD = "gnu++0x";
				CLANG_CXX_LIBRARY = "libc++";
				CLANG_ENABLE_MODULES = YES;
				CLANG_ENABLE_OBJC_ARC = YES;
				CLANG_WARN_BOOL_CONVERSION = YES;
				CLANG_WARN_CONSTANT_CONVERSION = YES;
				CLANG_WARN_DIRECT_OBJC_ISA_USAGE = YES_ERROR;
				CLANG_WARN_EMPTY_BODY = YES;
				CLANG_WARN_ENUM_CONVERSION = YES;
				CLANG_WARN_INT_CONVERSION = YES;
				CLANG_WARN_OBJC_ROOT_CLASS = YES_ERROR;
				CLANG_WARN_UNREACHABLE_CODE = YES;
				CLANG_WARN__DUPLICATE_METHOD_MATCH = YES;
				"CODE_SIGN_IDENTITY[sdk=iphoneos*]" = "iPhone Developer";
				COPY_PHASE_STRIP = NO;
				DEBUG_INFORMATION_FORMAT = "dwarf-with-dsym";
				ENABLE_NS_ASSERTIONS = NO;
				ENABLE_STRICT_OBJC_MSGSEND = YES;
				GCC_C_LANGUAGE_STANDARD = gnu99;
				GCC_NO_COMMON_BLOCKS = YES;
				GCC_WARN_64_TO_32_BIT_CONVERSION = YES;
				GCC_WARN_ABOUT_RETURN_TYPE = YES_ERROR;
				GCC_WARN_UNDECLARED_SELECTOR = YES;
				GCC_WARN_UNINITIALIZED_AUTOS = YES_AGGRESSIVE;
				GCC_WARN_UNUSED_FUNCTION = YES;
				GCC_WARN_UNUSED_VARIABLE = YES;
				IPHONEOS_DEPLOYMENT_TARGET = 9.2;
				MTL_ENABLE_DEBUG_INFO = NO;
				SDKROOT = iphoneos;
				TARGETED_DEVICE_FAMILY = "1,2";
				VALIDATE_PRODUCT = YES;
			};
			name = Release;
		};
		308CE3BE1C830B7A00F43258 /* Debug */ = {
			isa = XCBuildConfiguration;
			buildSettings = {
				ASSETCATALOG_COMPILER_APPICON_NAME = AppIcon;
				INFOPLIST_FILE = SecondKadaiApp/Info.plist;
				LD_RUNPATH_SEARCH_PATHS = "$(inherited) @executable_path/Frameworks";
				PRODUCT_BUNDLE_IDENTIFIER = yoshidajumokui.llc.SecondKadaiApp;
				PRODUCT_NAME = "$(TARGET_NAME)";
			};
			name = Debug;
		};
		308CE3BF1C830B7A00F43258 /* Release */ = {
			isa = XCBuildConfiguration;
			buildSettings = {
				ASSETCATALOG_COMPILER_APPICON_NAME = AppIcon;
				INFOPLIST_FILE = SecondKadaiApp/Info.plist;
				LD_RUNPATH_SEARCH_PATHS = "$(inherited) @executable_path/Frameworks";
				PRODUCT_BUNDLE_IDENTIFIER = yoshidajumokui.llc.SecondKadaiApp;
				PRODUCT_NAME = "$(TARGET_NAME)";
			};
			name = Release;
		};
		308CE3C11C830B7A00F43258 /* Debug */ = {
			isa = XCBuildConfiguration;
			buildSettings = {
				BUNDLE_LOADER = "$(TEST_HOST)";
				INFOPLIST_FILE = SecondKadaiAppTests/Info.plist;
				LD_RUNPATH_SEARCH_PATHS = "$(inherited) @executable_path/Frameworks @loader_path/Frameworks";
				PRODUCT_BUNDLE_IDENTIFIER = yoshidajumokui.llc.SecondKadaiAppTests;
				PRODUCT_NAME = "$(TARGET_NAME)";
				TEST_HOST = "$(BUILT_PRODUCTS_DIR)/SecondKadaiApp.app/SecondKadaiApp";
			};
			name = Debug;
		};
		308CE3C21C830B7A00F43258 /* Release */ = {
			isa = XCBuildConfiguration;
			buildSettings = {
				BUNDLE_LOADER = "$(TEST_HOST)";
				INFOPLIST_FILE = SecondKadaiAppTests/Info.plist;
				LD_RUNPATH_SEARCH_PATHS = "$(inherited) @executable_path/Frameworks @loader_path/Frameworks";
				PRODUCT_BUNDLE_IDENTIFIER = yoshidajumokui.llc.SecondKadaiAppTests;
				PRODUCT_NAME = "$(TARGET_NAME)";
				TEST_HOST = "$(BUILT_PRODUCTS_DIR)/SecondKadaiApp.app/SecondKadaiApp";
			};
			name = Release;
		};
		308CE3C41C830B7A00F43258 /* Debug */ = {
			isa = XCBuildConfiguration;
			buildSettings = {
				INFOPLIST_FILE = SecondKadaiAppUITests/Info.plist;
				LD_RUNPATH_SEARCH_PATHS = "$(inherited) @executable_path/Frameworks @loader_path/Frameworks";
				PRODUCT_BUNDLE_IDENTIFIER = yoshidajumokui.llc.SecondKadaiAppUITests;
				PRODUCT_NAME = "$(TARGET_NAME)";
				TEST_TARGET_NAME = SecondKadaiApp;
				USES_XCTRUNNER = YES;
			};
			name = Debug;
		};
		308CE3C51C830B7A00F43258 /* Release */ = {
			isa = XCBuildConfiguration;
			buildSettings = {
				INFOPLIST_FILE = SecondKadaiAppUITests/Info.plist;
				LD_RUNPATH_SEARCH_PATHS = "$(inherited) @executable_path/Frameworks @loader_path/Frameworks";
				PRODUCT_BUNDLE_IDENTIFIER = yoshidajumokui.llc.SecondKadaiAppUITests;
				PRODUCT_NAME = "$(TARGET_NAME)";
				TEST_TARGET_NAME = SecondKadaiApp;
				USES_XCTRUNNER = YES;
			};
			name = Release;
		};
/* End XCBuildConfiguration section */

/* Begin XCConfigurationList section */
		308CE38D1C830B7A00F43258 /* Build configuration list for PBXProject "SecondKadaiApp" */ = {
			isa = XCConfigurationList;
			buildConfigurations = (
				308CE3BB1C830B7A00F43258 /* Debug */,
				308CE3BC1C830B7A00F43258 /* Release */,
			);
			defaultConfigurationIsVisible = 0;
			defaultConfigurationName = Release;
		};
		308CE3BD1C830B7A00F43258 /* Build configuration list for PBXNativeTarget "SecondKadaiApp" */ = {
			isa = XCConfigurationList;
			buildConfigurations = (
				308CE3BE1C830B7A00F43258 /* Debug */,
				308CE3BF1C830B7A00F43258 /* Release */,
			);
			defaultConfigurationIsVisible = 0;
		};
		308CE3C01C830B7A00F43258 /* Build configuration list for PBXNativeTarget "SecondKadaiAppTests" */ = {
			isa = XCConfigurationList;
			buildConfigurations = (
				308CE3C11C830B7A00F43258 /* Debug */,
				308CE3C21C830B7A00F43258 /* Release */,
			);
			defaultConfigurationIsVisible = 0;
		};
		308CE3C31C830B7A00F43258 /* Build configuration list for PBXNativeTarget "SecondKadaiAppUITests" */ = {
			isa = XCConfigurationList;
			buildConfigurations = (
				308CE3C41C830B7A00F43258 /* Debug */,
				308CE3C51C830B7A00F43258 /* Release */,
			);
			defaultConfigurationIsVisible = 0;
		};
/* End XCConfigurationList section */

/* Begin XCVersionGroup section */
		308CE39C1C830B7A00F43258 /* SecondKadaiApp.xcdatamodeld */ = {
			isa = XCVersionGroup;
			children = (
				308CE39D1C830B7A00F43258 /* SecondKadaiApp.xcdatamodel */,
			);
			currentVersion = 308CE39D1C830B7A00F43258 /* SecondKadaiApp.xcdatamodel */;
			path = SecondKadaiApp.xcdatamodeld;
			sourceTree = "<group>";
			versionGroupType = wrapper.xcdatamodel;
		};
/* End XCVersionGroup section */
	};
	rootObject = 308CE38A1C830B7A00F43258 /* Project object */;
}
